
Microsoft Visual Studio Solution File, Format Version 12.00
# Visual Studio Version 17
VisualStudioVersion = 17.8.34330.188
MinimumVisualStudioVersion = 10.0.40219.1
Project("{FAE04EC0-301F-11D3-BF4B-00C04F79EFBC}") = "PizzaShop", "PizzaShop\PizzaShop.csproj", "{9CE88481-26A0-4726-AC77-F798DB420088}"
EndProject
Global
	GlobalSection(SolutionConfigurationPlatforms) = preSolution
		Debug|Any CPU = Debug|Any CPU
		Release|Any CPU = Release|Any CPU
	EndGlobalSection
	GlobalSection(ProjectConfigurationPlatforms) = postSolution
		{9CE88481-26A0-4726-AC77-F798DB420088}.Debug|Any CPU.ActiveCfg = Debug|Any CPU
		{9CE88481-26A0-4726-AC77-F798DB420088}.Debug|Any CPU.Build.0 = Debug|Any CPU
		{9CE88481-26A0-4726-AC77-F798DB420088}.Release|Any CPU.ActiveCfg = Release|Any CPU
		{9CE88481-26A0-4726-AC77-F798DB420088}.Release|Any CPU.Build.0 = Release|Any CPU
	EndGlobalSection
	GlobalSection(SolutionProperties) = preSolution
		HideSolutionNode = FALSE
	EndGlobalSection
	GlobalSection(ExtensibilityGlobals) = postSolution
		SolutionGuid = {F8F76956-796F-475E-8064-26CBDEA2B558}
	EndGlobalSection
EndGlobal
